Microsoft Visual Studio Solution File, Format Version 12.00
# Visual Studio 15
VisualStudioVersion = 15.0.27703.2047
MinimumVisualStudioVersion = 10.0.40219.1
Project("{FAE04EC0-301F-11D3-BF4B-00C04F79EFBC}") = "tickets.Android", "tickets.Android\tickets.Android.csproj", "{9343C8A3-31B1-44C1-946A-488316016EE9}"
EndProject
Project("{FAE04EC0-301F-11D3-BF4B-00C04F79EFBC}") = "tickets.iOS", "tickets.iOS\tickets.iOS.csproj", "{82813EEB-66B1-4825-A7B0-6F3EAE4D5642}"
EndProject
Project("{FAE04EC0-301F-11D3-BF4B-00C04F79EFBC}") = "tickets.UITests", "tickets.UITests\tickets.UITests.csproj", "{B19C892E-2628-4CA7-AD27-08D406A3B14B}"
EndProject
Project("{9A19103F-16F7-4668-BE54-9A1E7A4F7556}") = "tickets", "tickets\tickets.csproj", "{814182FF-CDDC-4DCD-BEF6-57297921101D}"
EndProject
Global
	GlobalSection(SolutionConfigurationPlatforms) = preSolution
		Ad-Hoc|Any CPU = Ad-Hoc|Any CPU
		Ad-Hoc|iPhone = Ad-Hoc|iPhone
		Ad-Hoc|iPhoneSimulator = Ad-Hoc|iPhoneSimulator
		AppStore|Any CPU = AppStore|Any CPU
		AppStore|iPhone = AppStore|iPhone
		AppStore|iPhoneSimulator = AppStore|iPhoneSimulator
		Debug|Any CPU = Debug|Any CPU
		Debug|iPhone = Debug|iPhone
		Debug|iPhoneSimulator = Debug|iPhoneSimulator
		Release|Any CPU = Release|Any CPU
		Release|iPhone = Release|iPhone
		Release|iPhoneSimulator = Release|iPhoneSimulator
	EndGlobalSection
	GlobalSection(ProjectConfigurationPlatforms) = postSolution
		{9343C8A3-31B1-44C1-946A-488316016EE9}.Ad-Hoc|Any CPU.ActiveCfg = Release|Any CPU
		{9343C8A3-31B1-44C1-946A-488316016EE9}.Ad-Hoc|Any CPU.Build.0 = Release|Any CPU
		{9343C8A3-31B1-44C1-946A-488316016EE9}.Ad-Hoc|Any CPU.Deploy.0 = Release|Any CPU
		{9343C8A3-31B1-44C1-946A-488316016EE9}.Ad-Hoc|iPhone.ActiveCfg = Debug|Any CPU
		{9343C8A3-31B1-44C1-946A-488316016EE9}.Ad-Hoc|iPhone.Build.0 = Debug|Any CPU
		{9343C8A3-31B1-44C1-946A-488316016EE9}.Ad-Hoc|iPhoneSimulator.ActiveCfg = Release|Any CPU
		{9343C8A3-31B1-44C1-946A-488316016EE9}.Ad-Hoc|iPhoneSimulator.Build.0 = Release|Any CPU
		{9343C8A3-31B1-44C1-946A-488316016EE9}.Ad-Hoc|iPhoneSimulator.Deploy.0 = Release|Any CPU
		{9343C8A3-31B1-44C1-946A-488316016EE9}.AppStore|Any CPU.ActiveCfg = Release|Any CPU
		{9343C8A3-31B1-44C1-946A-488316016EE9}.AppStore|Any CPU.Build.0 = Release|Any CPU
		{9343C8A3-31B1-44C1-946A-488316016EE9}.AppStore|Any CPU.Deploy.0 = Release|Any CPU
		{9343C8A3-31B1-44C1-946A-488316016EE9}.AppStore|iPhone.ActiveCfg = Debug|Any CPU
		{9343C8A3-31B1-44C1-946A-488316016EE9}.AppStore|iPhone.Build.0 = Debug|Any CPU
		{9343C8A3-31B1-44C1-946A-488316016EE9}.AppStore|iPhoneSimulator.ActiveCfg = Release|Any CPU
		{9343C8A3-31B1-44C1-946A-488316016EE9}.AppStore|iPhoneSimulator.Build.0 = Release|Any CPU
		{9343C8A3-31B1-44C1-946A-488316016EE9}.AppStore|iPhoneSimulator.Deploy.0 = Release|Any CPU
		{9343C8A3-31B1-44C1-946A-488316016EE9}.Debug|Any CPU.ActiveCfg = Debug|Any CPU
		{9343C8A3-31B1-44C1-946A-488316016EE9}.Debug|Any CPU.Build.0 = Debug|Any CPU
		{9343C8A3-31B1-44C1-946A-488316016EE9}.Debug|Any CPU.Deploy.0 = Debug|Any CPU
		{9343C8A3-31B1-44C1-946A-488316016EE9}.Debug|iPhone.ActiveCfg = Debug|Any CPU
		{9343C8A3-31B1-44C1-946A-488316016EE9}.Debug|iPhone.Build.0 = Debug|Any CPU
		{9343C8A3-31B1-44C1-946A-488316016EE9}.Debug|iPhoneSimulator.ActiveCfg = Debug|Any CPU
		{9343C8A3-31B1-44C1-946A-488316016EE9}.Debug|iPhoneSimulator.Build.0 = Debug|Any CPU
		{9343C8A3-31B1-44C1-946A-488316016EE9}.Release|Any CPU.ActiveCfg = Release|Any CPU
		{9343C8A3-31B1-44C1-946A-488316016EE9}.Release|Any CPU.Build.0 = Release|Any CPU
		{9343C8A3-31B1-44C1-946A-488316016EE9}.Release|iPhone.ActiveCfg = Release|Any CPU
		{9343C8A3-31B1-44C1-946A-488316016EE9}.Release|iPhone.Build.0 = Release|Any CPU
		{9343C8A3-31B1-44C1-946A-488316016EE9}.Release|iPhoneSimulator.ActiveCfg = Release|Any CPU
		{9343C8A3-31B1-44C1-946A-488316016EE9}.Release|iPhoneSimulator.Build.0 = Release|Any CPU
		{82813EEB-66B1-4825-A7B0-6F3EAE4D5642}.Ad-Hoc|Any CPU.ActiveCfg = Ad-Hoc|iPhoneSimulator
		{82813EEB-66B1-4825-A7B0-6F3EAE4D5642}.Ad-Hoc|iPhone.ActiveCfg = Ad-Hoc|iPhone
		{82813EEB-66B1-4825-A7B0-6F3EAE4D5642}.Ad-Hoc|iPhone.Build.0 = Ad-Hoc|iPhone
		{82813EEB-66B1-4825-A7B0-6F3EAE4D5642}.Ad-Hoc|iPhoneSimulator.ActiveCfg = Ad-Hoc|iPhoneSimulator
		{82813EEB-66B1-4825-A7B0-6F3EAE4D5642}.Ad-Hoc|iPhoneSimulator.Build.0 = Ad-Hoc|iPhoneSimulator
		{82813EEB-66B1-4825-A7B0-6F3EAE4D5642}.AppStore|Any CPU.ActiveCfg = AppStore|iPhoneSimulator
		{82813EEB-66B1-4825-A7B0-6F3EAE4D5642}.AppStore|iPhone.ActiveCfg = AppStore|iPhone
		{82813EEB-66B1-4825-A7B0-6F3EAE4D5642}.AppStore|iPhone.Build.0 = AppStore|iPhone
		{82813EEB-66B1-4825-A7B0-6F3EAE4D5642}.AppStore|iPhoneSimulator.ActiveCfg = AppStore|iPhoneSimulator
		{82813EEB-66B1-4825-A7B0-6F3EAE4D5642}.AppStore|iPhoneSimulator.Build.0 = AppStore|iPhoneSimulator
		{82813EEB-66B1-4825-A7B0-6F3EAE4D5642}.Debug|Any CPU.ActiveCfg = Debug|iPhoneSimulator
		{82813EEB-66B1-4825-A7B0-6F3EAE4D5642}.Debug|Any CPU.Build.0 = Debug|iPhoneSimulator
		{82813EEB-66B1-4825-A7B0-6F3EAE4D5642}.Debug|iPhone.ActiveCfg = Debug|iPhone
		{82813EEB-66B1-4825-A7B0-6F3EAE4D5642}.Debug|iPhone.Build.0 = Debug|iPhone
		{82813EEB-66B1-4825-A7B0-6F3EAE4D5642}.Debug|iPhoneSimulator.ActiveCfg = Debug|iPhoneSimulator
		{82813EEB-66B1-4825-A7B0-6F3EAE4D5642}.Debug|iPhoneSimulator.Build.0 = Debug|iPhoneSimulator
		{82813EEB-66B1-4825-A7B0-6F3EAE4D5642}.Release|Any CPU.ActiveCfg = Release|iPhoneSimulator
		{82813EEB-66B1-4825-A7B0-6F3EAE4D5642}.Release|Any CPU.Build.0 = Release|iPhoneSimulator
		{82813EEB-66B1-4825-A7B0-6F3EAE4D5642}.Release|iPhone.ActiveCfg = Release|iPhone
		{82813EEB-66B1-4825-A7B0-6F3EAE4D5642}.Release|iPhone.Build.0 = Release|iPhone
		{82813EEB-66B1-4825-A7B0-6F3EAE4D5642}.Release|iPhoneSimulator.ActiveCfg = Release|iPhoneSimulator
		{82813EEB-66B1-4825-A7B0-6F3EAE4D5642}.Release|iPhoneSimulator.Build.0 = Release|iPhoneSimulator
		{B19C892E-2628-4CA7-AD27-08D406A3B14B}.Ad-Hoc|Any CPU.ActiveCfg = Release|Any CPU
		{B19C892E-2628-4CA7-AD27-08D406A3B14B}.Ad-Hoc|Any CPU.Build.0 = Release|Any CPU
		{B19C892E-2628-4CA7-AD27-08D406A3B14B}.Ad-Hoc|iPhone.ActiveCfg = Debug|Any CPU
		{B19C892E-2628-4CA7-AD27-08D406A3B14B}.Ad-Hoc|iPhone.Build.0 = Debug|Any CPU
		{B19C892E-2628-4CA7-AD27-08D406A3B14B}.Ad-Hoc|iPhoneSimulator.ActiveCfg = Release|Any CPU
		{B19C892E-2628-4CA7-AD27-08D406A3B14B}.Ad-Hoc|iPhoneSimulator.Build.0 = Release|Any CPU
		{B19C892E-2628-4CA7-AD27-08D406A3B14B}.AppStore|Any CPU.ActiveCfg = Release|Any CPU
		{B19C892E-2628-4CA7-AD27-08D406A3B14B}.AppStore|Any CPU.Build.0 = Release|Any CPU
		{B19C892E-2628-4CA7-AD27-08D406A3B14B}.AppStore|iPhone.ActiveCfg = Debug|Any CPU
		{B19C892E-2628-4CA7-AD27-08D406A3B14B}.AppStore|iPhone.Build.0 = Debug|Any CPU
		{B19C892E-2628-4CA7-AD27-08D406A3B14B}.AppStore|iPhoneSimulator.ActiveCfg = Release|Any CPU
		{B19C892E-2628-4CA7-AD27-08D406A3B14B}.AppStore|iPhoneSimulator.Build.0 = Release|Any CPU
		{B19C892E-2628-4CA7-AD27-08D406A3B14B}.Debug|Any CPU.ActiveCfg = Debug|Any CPU
		{B19C892E-2628-4CA7-AD27-08D406A3B14B}.Debug|Any CPU.Build.0 = Debug|Any CPU
		{B19C892E-2628-4CA7-AD27-08D406A3B14B}.Debug|iPhone.ActiveCfg = Debug|Any CPU
		{B19C892E-2628-4CA7-AD27-08D406A3B14B}.Debug|iPhone.Build.0 = Debug|Any CPU
		{B19C892E-2628-4CA7-AD27-08D406A3B14B}.Debug|iPhoneSimulator.ActiveCfg = Debug|Any CPU
		{B19C892E-2628-4CA7-AD27-08D406A3B14B}.Debug|iPhoneSimulator.Build.0 = Debug|Any CPU
		{B19C892E-2628-4CA7-AD27-08D406A3B14B}.Release|Any CPU.ActiveCfg = Release|Any CPU
		{B19C892E-2628-4CA7-AD27-08D406A3B14B}.Release|Any CPU.Build.0 = Release|Any CPU
		{B19C892E-2628-4CA7-AD27-08D406A3B14B}.Release|iPhone.ActiveCfg = Release|Any CPU
		{B19C892E-2628-4CA7-AD27-08D406A3B14B}.Release|iPhone.Build.0 = Release|Any CPU
		{B19C892E-2628-4CA7-AD27-08D406A3B14B}.Release|iPhoneSimulator.ActiveCfg = Release|Any CPU
		{B19C892E-2628-4CA7-AD27-08D406A3B14B}.Release|iPhoneSimulator.Build.0 = Release|Any CPU
		{814182FF-CDDC-4DCD-BEF6-57297921101D}.Ad-Hoc|Any CPU.ActiveCfg = Release|Any CPU
		{814182FF-CDDC-4DCD-BEF6-57297921101D}.Ad-Hoc|Any CPU.Build.0 = Release|Any CPU
		{814182FF-CDDC-4DCD-BEF6-57297921101D}.Ad-Hoc|iPhone.ActiveCfg = Debug|Any CPU
		{814182FF-CDDC-4DCD-BEF6-57297921101D}.Ad-Hoc|iPhone.Build.0 = Debug|Any CPU
		{814182FF-CDDC-4DCD-BEF6-57297921101D}.Ad-Hoc|iPhoneSimulator.ActiveCfg = Release|Any CPU
		{814182FF-CDDC-4DCD-BEF6-57297921101D}.Ad-Hoc|iPhoneSimulator.Build.0 = Release|Any CPU
		{814182FF-CDDC-4DCD-BEF6-57297921101D}.AppStore|Any CPU.ActiveCfg = Release|Any CPU
		{814182FF-CDDC-4DCD-BEF6-57297921101D}.AppStore|Any CPU.Build.0 = Release|Any CPU
		{814182FF-CDDC-4DCD-BEF6-57297921101D}.AppStore|iPhone.ActiveCfg = Debug|Any CPU
		{814182FF-CDDC-4DCD-BEF6-57297921101D}.AppStore|iPhone.Build.0 = Debug|Any CPU
		{814182FF-CDDC-4DCD-BEF6-57297921101D}.AppStore|iPhoneSimulator.ActiveCfg = Release|Any CPU
		{814182FF-CDDC-4DCD-BEF6-57297921101D}.AppStore|iPhoneSimulator.Build.0 = Release|Any CPU
		{814182FF-CDDC-4DCD-BEF6-57297921101D}.Debug|Any CPU.ActiveCfg = Debug|Any CPU
		{814182FF-CDDC-4DCD-BEF6-57297921101D}.Debug|Any CPU.Build.0 = Debug|Any CPU
		{814182FF-CDDC-4DCD-BEF6-57297921101D}.Debug|iPhone.ActiveCfg = Debug|Any CPU
		{814182FF-CDDC-4DCD-BEF6-57297921101D}.Debug|iPhone.Build.0 = Debug|Any CPU
		{814182FF-CDDC-4DCD-BEF6-57297921101D}.Debug|iPhoneSimulator.ActiveCfg = Debug|Any CPU
		{814182FF-CDDC-4DCD-BEF6-57297921101D}.Debug|iPhoneSimulator.Build.0 = Debug|Any CPU
		{814182FF-CDDC-4DCD-BEF6-57297921101D}.Release|Any CPU.ActiveCfg = Release|Any CPU
		{814182FF-CDDC-4DCD-BEF6-57297921101D}.Release|Any CPU.Build.0 = Release|Any CPU
		{814182FF-CDDC-4DCD-BEF6-57297921101D}.Release|iPhone.ActiveCfg = Release|Any CPU
		{814182FF-CDDC-4DCD-BEF6-57297921101D}.Release|iPhone.Build.0 = Release|Any CPU
		{814182FF-CDDC-4DCD-BEF6-57297921101D}.Release|iPhoneSimulator.ActiveCfg = Release|Any CPU
		{814182FF-CDDC-4DCD-BEF6-57297921101D}.Release|iPhoneSimulator.Build.0 = Release|Any CPU
	EndGlobalSection
	GlobalSection(SolutionProperties) = preSolution
		HideSolutionNode = FALSE
	EndGlobalSection
	GlobalSection(ExtensibilityGlobals) = postSolution
		SolutionGuid = {5707C0C1-D84E-4AB5-98F8-75E458D641C9}
	EndGlobalSection
EndGlobal
