
Microsoft Visual Studio Solution File, Format Version 12.00
# Visual Studio 2012
Project("{FAE04EC0-301F-11D3-BF4B-00C04F79EFBC}") = "tickets.Android", "tickets.Android\tickets.Android.csproj", "{9343C8A3-31B1-44C1-946A-488316016EE9}"
EndProject
Project("{FAE04EC0-301F-11D3-BF4B-00C04F79EFBC}") = "tickets.iOS", "tickets.iOS\tickets.iOS.csproj", "{82813EEB-66B1-4825-A7B0-6F3EAE4D5642}"
EndProject
Project("{FAE04EC0-301F-11D3-BF4B-00C04F79EFBC}") = "tickets.UITests", "tickets.UITests\tickets.UITests.csproj", "{B19C892E-2628-4CA7-AD27-08D406A3B14B}"
EndProject
Project("{FAE04EC0-301F-11D3-BF4B-00C04F79EFBC}") = "tickets", "tickets\tickets.csproj", "{814182FF-CDDC-4DCD-BEF6-57297921101D}"
EndProject
Global
	GlobalSection(SolutionConfigurationPlatforms) = preSolution
		Debug|Any CPU = Debug|Any CPU
		Release|Any CPU = Release|Any CPU
		Debug|iPhoneSimulator = Debug|iPhoneSimulator
		Release|iPhoneSimulator = Release|iPhoneSimulator
		Debug|iPhone = Debug|iPhone
		Release|iPhone = Release|iPhone
		Ad-Hoc|iPhone = Ad-Hoc|iPhone
		AppStore|iPhone = AppStore|iPhone
	EndGlobalSection
	GlobalSection(ProjectConfigurationPlatforms) = postSolution
		{9343C8A3-31B1-44C1-946A-488316016EE9}.Debug|Any CPU.ActiveCfg = Debug|Any CPU
		{9343C8A3-31B1-44C1-946A-488316016EE9}.Debug|Any CPU.Build.0 = Debug|Any CPU
		{9343C8A3-31B1-44C1-946A-488316016EE9}.Release|Any CPU.ActiveCfg = Release|Any CPU
		{9343C8A3-31B1-44C1-946A-488316016EE9}.Release|Any CPU.Build.0 = Release|Any CPU
		{9343C8A3-31B1-44C1-946A-488316016EE9}.Debug|iPhoneSimulator.ActiveCfg = Debug|Any CPU
		{9343C8A3-31B1-44C1-946A-488316016EE9}.Debug|iPhoneSimulator.Build.0 = Debug|Any CPU
		{9343C8A3-31B1-44C1-946A-488316016EE9}.Release|iPhoneSimulator.ActiveCfg = Release|Any CPU
		{9343C8A3-31B1-44C1-946A-488316016EE9}.Release|iPhoneSimulator.Build.0 = Release|Any CPU
		{9343C8A3-31B1-44C1-946A-488316016EE9}.Debug|iPhone.ActiveCfg = Debug|Any CPU
		{9343C8A3-31B1-44C1-946A-488316016EE9}.Debug|iPhone.Build.0 = Debug|Any CPU
		{9343C8A3-31B1-44C1-946A-488316016EE9}.Release|iPhone.ActiveCfg = Release|Any CPU
		{9343C8A3-31B1-44C1-946A-488316016EE9}.Release|iPhone.Build.0 = Release|Any CPU
		{9343C8A3-31B1-44C1-946A-488316016EE9}.Ad-Hoc|iPhone.ActiveCfg = Debug|Any CPU
		{9343C8A3-31B1-44C1-946A-488316016EE9}.Ad-Hoc|iPhone.Build.0 = Debug|Any CPU
		{9343C8A3-31B1-44C1-946A-488316016EE9}.AppStore|iPhone.ActiveCfg = Debug|Any CPU
		{9343C8A3-31B1-44C1-946A-488316016EE9}.AppStore|iPhone.Build.0 = Debug|Any CPU
		{82813EEB-66B1-4825-A7B0-6F3EAE4D5642}.Debug|Any CPU.ActiveCfg = Debug|iPhoneSimulator
		{82813EEB-66B1-4825-A7B0-6F3EAE4D5642}.Debug|Any CPU.Build.0 = Debug|iPhoneSimulator
		{82813EEB-66B1-4825-A7B0-6F3EAE4D5642}.Release|Any CPU.ActiveCfg = Release|iPhoneSimulator
		{82813EEB-66B1-4825-A7B0-6F3EAE4D5642}.Release|Any CPU.Build.0 = Release|iPhoneSimulator
		{82813EEB-66B1-4825-A7B0-6F3EAE4D5642}.Debug|iPhoneSimulator.ActiveCfg = Debug|iPhoneSimulator
		{82813EEB-66B1-4825-A7B0-6F3EAE4D5642}.Debug|iPhoneSimulator.Build.0 = Debug|iPhoneSimulator
		{82813EEB-66B1-4825-A7B0-6F3EAE4D5642}.Release|iPhoneSimulator.ActiveCfg = Release|iPhoneSimulator
		{82813EEB-66B1-4825-A7B0-6F3EAE4D5642}.Release|iPhoneSimulator.Build.0 = Release|iPhoneSimulator
		{82813EEB-66B1-4825-A7B0-6F3EAE4D5642}.Debug|iPhone.ActiveCfg = Debug|iPhone
		{82813EEB-66B1-4825-A7B0-6F3EAE4D5642}.Debug|iPhone.Build.0 = Debug|iPhone
		{82813EEB-66B1-4825-A7B0-6F3EAE4D5642}.Release|iPhone.ActiveCfg = Release|iPhone
		{82813EEB-66B1-4825-A7B0-6F3EAE4D5642}.Release|iPhone.Build.0 = Release|iPhone
		{82813EEB-66B1-4825-A7B0-6F3EAE4D5642}.Ad-Hoc|iPhone.ActiveCfg = Ad-Hoc|iPhone
		{82813EEB-66B1-4825-A7B0-6F3EAE4D5642}.Ad-Hoc|iPhone.Build.0 = Ad-Hoc|iPhone
		{82813EEB-66B1-4825-A7B0-6F3EAE4D5642}.AppStore|iPhone.ActiveCfg = AppStore|iPhone
		{82813EEB-66B1-4825-A7B0-6F3EAE4D5642}.AppStore|iPhone.Build.0 = AppStore|iPhone
		{B19C892E-2628-4CA7-AD27-08D406A3B14B}.Debug|Any CPU.ActiveCfg = Debug|Any CPU
		{B19C892E-2628-4CA7-AD27-08D406A3B14B}.Debug|Any CPU.Build.0 = Debug|Any CPU
		{B19C892E-2628-4CA7-AD27-08D406A3B14B}.Release|Any CPU.ActiveCfg = Release|Any CPU
		{B19C892E-2628-4CA7-AD27-08D406A3B14B}.Release|Any CPU.Build.0 = Release|Any CPU
		{B19C892E-2628-4CA7-AD27-08D406A3B14B}.Debug|iPhoneSimulator.ActiveCfg = Debug|Any CPU
		{B19C892E-2628-4CA7-AD27-08D406A3B14B}.Debug|iPhoneSimulator.Build.0 = Debug|Any CPU
		{B19C892E-2628-4CA7-AD27-08D406A3B14B}.Release|iPhoneSimulator.ActiveCfg = Release|Any CPU
		{B19C892E-2628-4CA7-AD27-08D406A3B14B}.Release|iPhoneSimulator.Build.0 = Release|Any CPU
		{B19C892E-2628-4CA7-AD27-08D406A3B14B}.Debug|iPhone.ActiveCfg = Debug|Any CPU
		{B19C892E-2628-4CA7-AD27-08D406A3B14B}.Debug|iPhone.Build.0 = Debug|Any CPU
		{B19C892E-2628-4CA7-AD27-08D406A3B14B}.Release|iPhone.ActiveCfg = Release|Any CPU
		{B19C892E-2628-4CA7-AD27-08D406A3B14B}.Release|iPhone.Build.0 = Release|Any CPU
		{B19C892E-2628-4CA7-AD27-08D406A3B14B}.Ad-Hoc|iPhone.ActiveCfg = Debug|Any CPU
		{B19C892E-2628-4CA7-AD27-08D406A3B14B}.Ad-Hoc|iPhone.Build.0 = Debug|Any CPU
		{B19C892E-2628-4CA7-AD27-08D406A3B14B}.AppStore|iPhone.ActiveCfg = Debug|Any CPU
		{B19C892E-2628-4CA7-AD27-08D406A3B14B}.AppStore|iPhone.Build.0 = Debug|Any CPU
		{814182FF-CDDC-4DCD-BEF6-57297921101D}.Debug|Any CPU.ActiveCfg = Debug|Any CPU
		{814182FF-CDDC-4DCD-BEF6-57297921101D}.Debug|Any CPU.Build.0 = Debug|Any CPU
		{814182FF-CDDC-4DCD-BEF6-57297921101D}.Release|Any CPU.ActiveCfg = Release|Any CPU
		{814182FF-CDDC-4DCD-BEF6-57297921101D}.Release|Any CPU.Build.0 = Release|Any CPU
		{814182FF-CDDC-4DCD-BEF6-57297921101D}.Debug|iPhoneSimulator.ActiveCfg = Debug|Any CPU
		{814182FF-CDDC-4DCD-BEF6-57297921101D}.Debug|iPhoneSimulator.Build.0 = Debug|Any CPU
		{814182FF-CDDC-4DCD-BEF6-57297921101D}.Release|iPhoneSimulator.ActiveCfg = Release|Any CPU
		{814182FF-CDDC-4DCD-BEF6-57297921101D}.Release|iPhoneSimulator.Build.0 = Release|Any CPU
		{814182FF-CDDC-4DCD-BEF6-57297921101D}.Debug|iPhone.ActiveCfg = Debug|Any CPU
		{814182FF-CDDC-4DCD-BEF6-57297921101D}.Debug|iPhone.Build.0 = Debug|Any CPU
		{814182FF-CDDC-4DCD-BEF6-57297921101D}.Release|iPhone.ActiveCfg = Release|Any CPU
		{814182FF-CDDC-4DCD-BEF6-57297921101D}.Release|iPhone.Build.0 = Release|Any CPU
		{814182FF-CDDC-4DCD-BEF6-57297921101D}.Ad-Hoc|iPhone.ActiveCfg = Debug|Any CPU
		{814182FF-CDDC-4DCD-BEF6-57297921101D}.Ad-Hoc|iPhone.Build.0 = Debug|Any CPU
		{814182FF-CDDC-4DCD-BEF6-57297921101D}.AppStore|iPhone.ActiveCfg = Debug|Any CPU
		{814182FF-CDDC-4DCD-BEF6-57297921101D}.AppStore|iPhone.Build.0 = Debug|Any CPU
	EndGlobalSection
EndGlobal
